
Microsoft Visual Studio Solution File, Format Version 12.00
# Visual Studio Version 16
VisualStudioVersion = 16.0.30804.86
MinimumVisualStudioVersion = 10.0.40219.1
Project("{9A19103F-16F7-4668-BE54-9A1E7A4F7556}") = "PlanConstruct", "PlanConstruct.csproj", "{DE8FDF1F-C1B5-47DB-B06B-4463EB3F507B}"
EndProject
Project("{FAE04EC0-301F-11D3-BF4B-00C04F79EFBC}") = "PlanConstructTests", "..\PlanConstructTests\PlanConstructTests.csproj", "{CF3EC9EB-D89B-474F-82C8-C398EFDF35EF}"
EndProject
Global
	GlobalSection(SolutionConfigurationPlatforms) = preSolution
		Debug|Any CPU = Debug|Any CPU
		Release|Any CPU = Release|Any CPU
	EndGlobalSection
	GlobalSection(ProjectConfigurationPlatforms) = postSolution
		{DE8FDF1F-C1B5-47DB-B06B-4463EB3F507B}.Debug|Any CPU.ActiveCfg = Debug|Any CPU
		{DE8FDF1F-C1B5-47DB-B06B-4463EB3F507B}.Debug|Any CPU.Build.0 = Debug|Any CPU
		{DE8FDF1F-C1B5-47DB-B06B-4463EB3F507B}.Release|Any CPU.ActiveCfg = Release|Any CPU
		{DE8FDF1F-C1B5-47DB-B06B-4463EB3F507B}.Release|Any CPU.Build.0 = Release|Any CPU
		{CF3EC9EB-D89B-474F-82C8-C398EFDF35EF}.Debug|Any CPU.ActiveCfg = Debug|Any CPU
		{CF3EC9EB-D89B-474F-82C8-C398EFDF35EF}.Debug|Any CPU.Build.0 = Debug|Any CPU
		{CF3EC9EB-D89B-474F-82C8-C398EFDF35EF}.Release|Any CPU.ActiveCfg = Release|Any CPU
		{CF3EC9EB-D89B-474F-82C8-C398EFDF35EF}.Release|Any CPU.Build.0 = Release|Any CPU
	EndGlobalSection
	GlobalSection(SolutionProperties) = preSolution
		HideSolutionNode = FALSE
	EndGlobalSection
	GlobalSection(ExtensibilityGlobals) = postSolution
		SolutionGuid = {7F3C4D1B-CB56-412E-9E89-B1439CA7572D}
	EndGlobalSection
EndGlobal
